
Microsoft Visual Studio Solution File, Format Version 12.00
Project("{FAE04EC0-301F-11D3-BF4B-00C04F79EFBC}") = "HighloadSocialNetwork.WebServer", "HighloadSocialNetwork.WebServer\HighloadSocialNetwork.WebServer.csproj", "{D5791BD1-F21F-4C8A-BD9A-E6FEAD8E0AF4}"
EndProject
Project("{2150E333-8FDC-42A3-9474-1A3956D46DE8}") = "Files", "Files", "{51A9486F-5B7C-4460-9786-86F279EBD2B1}"
	ProjectSection(SolutionItems) = preProject
		..\.gitignore = ..\.gitignore
	EndProjectSection
EndProject
Global
	GlobalSection(SolutionConfigurationPlatforms) = preSolution
		Debug|Any CPU = Debug|Any CPU
		Release|Any CPU = Release|Any CPU
	EndGlobalSection
	GlobalSection(ProjectConfigurationPlatforms) = postSolution
		{D5791BD1-F21F-4C8A-BD9A-E6FEAD8E0AF4}.Debug|Any CPU.ActiveCfg = Debug|Any CPU
		{D5791BD1-F21F-4C8A-BD9A-E6FEAD8E0AF4}.Debug|Any CPU.Build.0 = Debug|Any CPU
		{D5791BD1-F21F-4C8A-BD9A-E6FEAD8E0AF4}.Release|Any CPU.ActiveCfg = Release|Any CPU
		{D5791BD1-F21F-4C8A-BD9A-E6FEAD8E0AF4}.Release|Any CPU.Build.0 = Release|Any CPU
	EndGlobalSection
EndGlobal
